
Microsoft Visual Studio Solution File, Format Version 12.00
# Visual Studio Version 16
VisualStudioVersion = 16.0.30011.22
MinimumVisualStudioVersion = 10.0.40219.1
Project("{FAE04EC0-301F-11D3-BF4B-00C04F79EFBC}") = "MVCMontadoraPP", "MVCMontadoraPP\MVCMontadoraPP.csproj", "{2B9CCD1C-6767-45AB-B9B1-07D948CF7E46}"
EndProject
Global
	GlobalSection(SolutionConfigurationPlatforms) = preSolution
		Debug|Any CPU = Debug|Any CPU
		Release|Any CPU = Release|Any CPU
	EndGlobalSection
	GlobalSection(ProjectConfigurationPlatforms) = postSolution
		{2B9CCD1C-6767-45AB-B9B1-07D948CF7E46}.Debug|Any CPU.ActiveCfg = Debug|Any CPU
		{2B9CCD1C-6767-45AB-B9B1-07D948CF7E46}.Debug|Any CPU.Build.0 = Debug|Any CPU
		{2B9CCD1C-6767-45AB-B9B1-07D948CF7E46}.Release|Any CPU.ActiveCfg = Release|Any CPU
		{2B9CCD1C-6767-45AB-B9B1-07D948CF7E46}.Release|Any CPU.Build.0 = Release|Any CPU
	EndGlobalSection
	GlobalSection(SolutionProperties) = preSolution
		HideSolutionNode = FALSE
	EndGlobalSection
	GlobalSection(ExtensibilityGlobals) = postSolution
		SolutionGuid = {0206E05F-C8A9-4064-8BC0-99F738F2AAD6}
	EndGlobalSection
EndGlobal
